
Microsoft Visual Studio Solution File, Format Version 12.00
# Visual Studio Version 17
VisualStudioVersion = 17.3.32825.248
MinimumVisualStudioVersion = 10.0.40219.1
Project("{FAE04EC0-301F-11D3-BF4B-00C04F79EFBC}") = "Aircraft Tracker.Web", "Aircraft Tracker.Web\Aircraft Tracker.Web.csproj", "{B352A129-63ED-47A4-BE64-4E0C9D993666}"
EndProject
Project("{FAE04EC0-301F-11D3-BF4B-00C04F79EFBC}") = "Aircraft Tracker.Core", "Aircraft Tracker.Core\Aircraft Tracker.Core.csproj", "{D5BC279C-93C4-4E4C-A57F-9E090833752E}"
EndProject
Global
	GlobalSection(SolutionConfigurationPlatforms) = preSolution
		Debug|Any CPU = Debug|Any CPU
		Release|Any CPU = Release|Any CPU
	EndGlobalSection
	GlobalSection(ProjectConfigurationPlatforms) = postSolution
		{B352A129-63ED-47A4-BE64-4E0C9D993666}.Debug|Any CPU.ActiveCfg = Debug|Any CPU
		{B352A129-63ED-47A4-BE64-4E0C9D993666}.Debug|Any CPU.Build.0 = Debug|Any CPU
		{B352A129-63ED-47A4-BE64-4E0C9D993666}.Release|Any CPU.ActiveCfg = Release|Any CPU
		{B352A129-63ED-47A4-BE64-4E0C9D993666}.Release|Any CPU.Build.0 = Release|Any CPU
		{D5BC279C-93C4-4E4C-A57F-9E090833752E}.Debug|Any CPU.ActiveCfg = Debug|Any CPU
		{D5BC279C-93C4-4E4C-A57F-9E090833752E}.Debug|Any CPU.Build.0 = Debug|Any CPU
		{D5BC279C-93C4-4E4C-A57F-9E090833752E}.Release|Any CPU.ActiveCfg = Release|Any CPU
		{D5BC279C-93C4-4E4C-A57F-9E090833752E}.Release|Any CPU.Build.0 = Release|Any CPU
	EndGlobalSection
	GlobalSection(SolutionProperties) = preSolution
		HideSolutionNode = FALSE
	EndGlobalSection
	GlobalSection(ExtensibilityGlobals) = postSolution
		SolutionGuid = {7F1E862A-F616-4EF9-8C24-D2EB8852150F}
	EndGlobalSection
EndGlobal
