
Microsoft Visual Studio Solution File, Format Version 12.00
# Visual Studio Version 17
VisualStudioVersion = 17.3.32825.248
MinimumVisualStudioVersion = 10.0.40219.1
Project("{FAE04EC0-301F-11D3-BF4B-00C04F79EFBC}") = "Flight-radar.Web", "Flight-radar.Web\Flight-radar.Web.csproj", "{F8355F45-7D4E-4C09-AE66-2599CE303238}"
EndProject
Global
	GlobalSection(SolutionConfigurationPlatforms) = preSolution
		Debug|Any CPU = Debug|Any CPU
		Release|Any CPU = Release|Any CPU
	EndGlobalSection
	GlobalSection(ProjectConfigurationPlatforms) = postSolution
		{F8355F45-7D4E-4C09-AE66-2599CE303238}.Debug|Any CPU.ActiveCfg = Debug|Any CPU
		{F8355F45-7D4E-4C09-AE66-2599CE303238}.Debug|Any CPU.Build.0 = Debug|Any CPU
		{F8355F45-7D4E-4C09-AE66-2599CE303238}.Release|Any CPU.ActiveCfg = Release|Any CPU
		{F8355F45-7D4E-4C09-AE66-2599CE303238}.Release|Any CPU.Build.0 = Release|Any CPU
	EndGlobalSection
	GlobalSection(SolutionProperties) = preSolution
		HideSolutionNode = FALSE
	EndGlobalSection
	GlobalSection(ExtensibilityGlobals) = postSolution
		SolutionGuid = {F4B1C59E-16EF-4DC6-B8F4-9ABD4F6509CB}
	EndGlobalSection
EndGlobal
